// !$*UTF8*$!
{
	archiveVersion = 1;
	classes = {
	};
	objectVersion = 55;
	objects = {

/* Begin PBXBuildFile section */
		0538847427E62E2F0002E167 /* InitialViewController.swift in Sources */ = {isa = PBXBuildFile; fileRef = 0538847327E62E2F0002E167 /* InitialViewController.swift */; };
		0538847827E757790002E167 /* InitialViewControllerCell.swift in Sources */ = {isa = PBXBuildFile; fileRef = 0538847727E757790002E167 /* InitialViewControllerCell.swift */; };
		0538847A27E7723D0002E167 /* secondViewController.swift in Sources */ = {isa = PBXBuildFile; fileRef = 0538847927E7723D0002E167 /* secondViewController.swift */; };
		0538847C27E77E960002E167 /* PresentViewController.swift in Sources */ = {isa = PBXBuildFile; fileRef = 0538847B27E77E960002E167 /* PresentViewController.swift */; };
		0590C3CF27E7C7F0002A2F4C /* MenuViewController.swift in Sources */ = {isa = PBXBuildFile; fileRef = 0590C3CE27E7C7F0002A2F4C /* MenuViewController.swift */; };
		0590C3D127E7CB22002A2F4C /* MenuViewCell.swift in Sources */ = {isa = PBXBuildFile; fileRef = 0590C3D027E7CB22002A2F4C /* MenuViewCell.swift */; };
		05B4F7B627E62A390098B16F /* AppDelegate.swift in Sources */ = {isa = PBXBuildFile; fileRef = 05B4F7B527E62A390098B16F /* AppDelegate.swift */; };
		05B4F7BA27E62A390098B16F /* ViewController.swift in Sources */ = {isa = PBXBuildFile; fileRef = 05B4F7B927E62A390098B16F /* ViewController.swift */; };
		05B4F7BD27E62A390098B16F /* Main.storyboard in Resources */ = {isa = PBXBuildFile; fileRef = 05B4F7BB27E62A390098B16F /* Main.storyboard */; };
		05B4F7BF27E62A390098B16F /* Assets.xcassets in Resources */ = {isa = PBXBuildFile; fileRef = 05B4F7BE27E62A390098B16F /* Assets.xcassets */; };
		05B4F7C227E62A390098B16F /* LaunchScreen.storyboard in Resources */ = {isa = PBXBuildFile; fileRef = 05B4F7C027E62A390098B16F /* LaunchScreen.storyboard */; };
		05C70A0827EA3CD10065E520 /* picachu-meme.png.jpeg in Resources */ = {isa = PBXBuildFile; fileRef = 05C70A0727EA3CD10065E520 /* picachu-meme.png.jpeg */; };
		05D6078C27E9FCE2001EC14E /* HeaderFooterView.swift in Sources */ = {isa = PBXBuildFile; fileRef = 05D6078B27E9FCE2001EC14E /* HeaderFooterView.swift */; };
/* End PBXBuildFile section */

/* Begin PBXFileReference section */
		0538847327E62E2F0002E167 /* InitialViewController.swift */ = {isa = PBXFileReference; lastKnownFileType = sourcecode.swift; path = InitialViewController.swift; sourceTree = "<group>"; };
		0538847727E757790002E167 /* InitialViewControllerCell.swift */ = {isa = PBXFileReference; lastKnownFileType = sourcecode.swift; path = InitialViewControllerCell.swift; sourceTree = "<group>"; };
		0538847927E7723D0002E167 /* secondViewController.swift */ = {isa = PBXFileReference; lastKnownFileType = sourcecode.swift; path = secondViewController.swift; sourceTree = "<group>"; };
		0538847B27E77E960002E167 /* PresentViewController.swift */ = {isa = PBXFileReference; lastKnownFileType = sourcecode.swift; path = PresentViewController.swift; sourceTree = "<group>"; };
		0590C3CE27E7C7F0002A2F4C /* MenuViewController.swift */ = {isa = PBXFileReference; lastKnownFileType = sourcecode.swift; path = MenuViewController.swift; sourceTree = "<group>"; };
		0590C3D027E7CB22002A2F4C /* MenuViewCell.swift */ = {isa = PBXFileReference; lastKnownFileType = sourcecode.swift; path = MenuViewCell.swift; sourceTree = "<group>"; };
		05B4F7B227E62A390098B16F /* lab4.app */ = {isa = PBXFileReference; explicitFileType = wrapper.application; includeInIndex = 0; path = lab4.app; sourceTree = BUILT_PRODUCTS_DIR; };
		05B4F7B527E62A390098B16F /* AppDelegate.swift */ = {isa = PBXFileReference; lastKnownFileType = sourcecode.swift; path = AppDelegate.swift; sourceTree = "<group>"; };
		05B4F7B927E62A390098B16F /* ViewController.swift */ = {isa = PBXFileReference; lastKnownFileType = sourcecode.swift; path = ViewController.swift; sourceTree = "<group>"; };
		05B4F7BC27E62A390098B16F /* Base */ = {isa = PBXFileReference; lastKnownFileType = file.storyboard; name = Base; path = Base.lproj/Main.storyboard; sourceTree = "<group>"; };
		05B4F7BE27E62A390098B16F /* Assets.xcassets */ = {isa = PBXFileReference; lastKnownFileType = folder.assetcatalog; path = Assets.xcassets; sourceTree = "<group>"; };
		05B4F7C127E62A390098B16F /* Base */ = {isa = PBXFileReference; lastKnownFileType = file.storyboard; name = Base; path = Base.lproj/LaunchScreen.storyboard; sourceTree = "<group>"; };
		05B4F7C327E62A390098B16F /* Info.plist */ = {isa = PBXFileReference; lastKnownFileType = text.plist.xml; path = Info.plist; sourceTree = "<group>"; };
		05C70A0727EA3CD10065E520 /* picachu-meme.png.jpeg */ = {isa = PBXFileReference; lastKnownFileType = image.jpeg; path = "picachu-meme.png.jpeg"; sourceTree = "<group>"; };
		05D6078B27E9FCE2001EC14E /* HeaderFooterView.swift */ = {isa = PBXFileReference; lastKnownFileType = sourcecode.swift; path = HeaderFooterView.swift; sourceTree = "<group>"; };
/* End PBXFileReference section */

/* Begin PBXFrameworksBuildPhase section */
		05B4F7AF27E62A390098B16F /* Frameworks */ = {
			isa = PBXFrameworksBuildPhase;
			buildActionMask = 2147483647;
			files = (
			);
			runOnlyForDeploymentPostprocessing = 0;
		};
/* End PBXFrameworksBuildPhase section */

/* Begin PBXGroup section */
		0538847227E62DF40002E167 /* InitialViewController */ = {
			isa = PBXGroup;
			children = (
				0538847627E757530002E167 /* Cell */,
				0538847327E62E2F0002E167 /* InitialViewController.swift */,
				05D6078B27E9FCE2001EC14E /* HeaderFooterView.swift */,
			);
			path = InitialViewController;
			sourceTree = "<group>";
		};
		0538847527E62E420002E167 /* StoryBoard */ = {
			isa = PBXGroup;
			children = (
				05B4F7B927E62A390098B16F /* ViewController.swift */,
				0538847B27E77E960002E167 /* PresentViewController.swift */,
				05B4F7BB27E62A390098B16F /* Main.storyboard */,
			);
			path = StoryBoard;
			sourceTree = "<group>";
		};
		0538847627E757530002E167 /* Cell */ = {
			isa = PBXGroup;
			children = (
				0538847727E757790002E167 /* InitialViewControllerCell.swift */,
			);
			path = Cell;
			sourceTree = "<group>";
		};
		05B4F7A927E62A390098B16F = {
			isa = PBXGroup;
			children = (
				05B4F7B427E62A390098B16F /* lab4 */,
				05B4F7B327E62A390098B16F /* Products */,
			);
			sourceTree = "<group>";
		};
		05B4F7B327E62A390098B16F /* Products */ = {
			isa = PBXGroup;
			children = (
				05B4F7B227E62A390098B16F /* lab4.app */,
			);
			name = Products;
			sourceTree = "<group>";
		};
		05B4F7B427E62A390098B16F /* lab4 */ = {
			isa = PBXGroup;
			children = (
				05D6078A27E9FBCF001EC14E /* CollectionVIew */,
				0538847527E62E420002E167 /* StoryBoard */,
				0538847227E62DF40002E167 /* InitialViewController */,
				05B4F7B527E62A390098B16F /* AppDelegate.swift */,
				05B4F7BE27E62A390098B16F /* Assets.xcassets */,
				05B4F7C027E62A390098B16F /* LaunchScreen.storyboard */,
				05B4F7C327E62A390098B16F /* Info.plist */,
				05C70A0727EA3CD10065E520 /* picachu-meme.png.jpeg */,
			);
			path = lab4;
			sourceTree = "<group>";
		};
		05D6078A27E9FBCF001EC14E /* CollectionVIew */ = {
			isa = PBXGroup;
			children = (
				0538847927E7723D0002E167 /* secondViewController.swift */,
				0590C3CE27E7C7F0002A2F4C /* MenuViewController.swift */,
				0590C3D027E7CB22002A2F4C /* MenuViewCell.swift */,
			);
			path = CollectionVIew;
			sourceTree = "<group>";
		};
/* End PBXGroup section */

/* Begin PBXNativeTarget section */
		05B4F7B127E62A390098B16F /* lab4 */ = {
			isa = PBXNativeTarget;
			buildConfigurationList = 05B4F7C627E62A390098B16F /* Build configuration list for PBXNativeTarget "lab4" */;
			buildPhases = (
				05B4F7AE27E62A390098B16F /* Sources */,
				05B4F7AF27E62A390098B16F /* Frameworks */,
				05B4F7B027E62A390098B16F /* Resources */,
			);
			buildRules = (
			);
			dependencies = (
			);
			name = lab4;
			productName = lab4;
			productReference = 05B4F7B227E62A390098B16F /* lab4.app */;
			productType = "com.apple.product-type.application";
		};
/* End PBXNativeTarget section */

/* Begin PBXProject section */
		05B4F7AA27E62A390098B16F /* Project object */ = {
			isa = PBXProject;
			attributes = {
				BuildIndependentTargetsInParallel = 1;
				LastSwiftUpdateCheck = 1320;
				LastUpgradeCheck = 1320;
				TargetAttributes = {
					05B4F7B127E62A390098B16F = {
						CreatedOnToolsVersion = 13.2.1;
					};
				};
			};
			buildConfigurationList = 05B4F7AD27E62A390098B16F /* Build configuration list for PBXProject "lab4" */;
			compatibilityVersion = "Xcode 13.0";
			developmentRegion = en;
			hasScannedForEncodings = 0;
			knownRegions = (
				en,
				Base,
			);
			mainGroup = 05B4F7A927E62A390098B16F;
			productRefGroup = 05B4F7B327E62A390098B16F /* Products */;
			projectDirPath = "";
			projectRoot = "";
			targets = (
				05B4F7B127E62A390098B16F /* lab4 */,
			);
		};
/* End PBXProject section */

/* Begin PBXResourcesBuildPhase section */
		05B4F7B027E62A390098B16F /* Resources */ = {
			isa = PBXResourcesBuildPhase;
			buildActionMask = 2147483647;
			files = (
				05B4F7C227E62A390098B16F /* LaunchScreen.storyboard in Resources */,
				05C70A0827EA3CD10065E520 /* picachu-meme.png.jpeg in Resources */,
				05B4F7BF27E62A390098B16F /* Assets.xcassets in Resources */,
				05B4F7BD27E62A390098B16F /* Main.storyboard in Resources */,
			);
			runOnlyForDeploymentPostprocessing = 0;
		};
/* End PBXResourcesBuildPhase section */

/* Begin PBXSourcesBuildPhase section */
		05B4F7AE27E62A390098B16F /* Sources */ = {
			isa = PBXSourcesBuildPhase;
			buildActionMask = 2147483647;
			files = (
				0538847427E62E2F0002E167 /* InitialViewController.swift in Sources */,
				05B4F7BA27E62A390098B16F /* ViewController.swift in Sources */,
				0538847C27E77E960002E167 /* PresentViewController.swift in Sources */,
				0590C3CF27E7C7F0002A2F4C /* MenuViewController.swift in Sources */,
				05B4F7B627E62A390098B16F /* AppDelegate.swift in Sources */,
				0590C3D127E7CB22002A2F4C /* MenuViewCell.swift in Sources */,
				05D6078C27E9FCE2001EC14E /* HeaderFooterView.swift in Sources */,
				0538847A27E7723D0002E167 /* secondViewController.swift in Sources */,
				0538847827E757790002E167 /* InitialViewControllerCell.swift in Sources */,
			);
			runOnlyForDeploymentPostprocessing = 0;
		};
/* End PBXSourcesBuildPhase section */

/* Begin PBXVariantGroup section */
		05B4F7BB27E62A390098B16F /* Main.storyboard */ = {
			isa = PBXVariantGroup;
			children = (
				05B4F7BC27E62A390098B16F /* Base */,
			);
			name = Main.storyboard;
			sourceTree = "<group>";
		};
		05B4F7C027E62A390098B16F /* LaunchScreen.storyboard */ = {
			isa = PBXVariantGroup;
			children = (
				05B4F7C127E62A390098B16F /* Base */,
			);
			name = LaunchScreen.storyboard;
			sourceTree = "<group>";
		};
/* End PBXVariantGroup section */

/* Begin XCBuildConfiguration section */
		05B4F7C427E62A390098B16F /* Debug */ = {
			isa = XCBuildConfiguration;
			buildSettings = {
				ALWAYS_SEARCH_USER_PATHS = NO;
				CLANG_ANALYZER_NONNULL = YES;
				CLANG_ANALYZER_NUMBER_OBJECT_CONVERSION = YES_AGGRESSIVE;
				CLANG_CXX_LANGUAGE_STANDARD = "gnu++17";
				CLANG_CXX_LIBRARY = "libc++";
				CLANG_ENABLE_MODULES = YES;
				CLANG_ENABLE_OBJC_ARC = YES;
				CLANG_ENABLE_OBJC_WEAK = YES;
				CLANG_WARN_BLOCK_CAPTURE_AUTORELEASING = YES;
				CLANG_WARN_BOOL_CONVERSION = YES;
				CLANG_WARN_COMMA = YES;
				CLANG_WARN_CONSTANT_CONVERSION = YES;
				CLANG_WARN_DEPRECATED_OBJC_IMPLEMENTATIONS = YES;
				CLANG_WARN_DIRECT_OBJC_ISA_USAGE = YES_ERROR;
				CLANG_WARN_DOCUMENTATION_COMMENTS = YES;
				CLANG_WARN_EMPTY_BODY = YES;
				CLANG_WARN_ENUM_CONVERSION = YES;
				CLANG_WARN_INFINITE_RECURSION = YES;
				CLANG_WARN_INT_CONVERSION = YES;
				CLANG_WARN_NON_LITERAL_NULL_CONVERSION = YES;
				CLANG_WARN_OBJC_IMPLICIT_RETAIN_SELF = YES;
				CLANG_WARN_OBJC_LITERAL_CONVERSION = YES;
				CLANG_WARN_OBJC_ROOT_CLASS = YES_ERROR;
				CLANG_WARN_QUOTED_INCLUDE_IN_FRAMEWORK_HEADER = YES;
				CLANG_WARN_RANGE_LOOP_ANALYSIS = YES;
				CLANG_WARN_STRICT_PROTOTYPES = YES;
				CLANG_WARN_SUSPICIOUS_MOVE = YES;
				CLANG_WARN_UNGUARDED_AVAILABILITY = YES_AGGRESSIVE;
				CLANG_WARN_UNREACHABLE_CODE = YES;
				CLANG_WARN__DUPLICATE_METHOD_MATCH = YES;
				COPY_PHASE_STRIP = NO;
				DEBUG_INFORMATION_FORMAT = dwarf;
				ENABLE_STRICT_OBJC_MSGSEND = YES;
				ENABLE_TESTABILITY = YES;
				GCC_C_LANGUAGE_STANDARD = gnu11;
				GCC_DYNAMIC_NO_PIC = NO;
				GCC_NO_COMMON_BLOCKS = YES;
				GCC_OPTIMIZATION_LEVEL = 0;
				GCC_PREPROCESSOR_DEFINITIONS = (
					"DEBUG=1",
					"$(inherited)",
				);
				GCC_WARN_64_TO_32_BIT_CONVERSION = YES;
				GCC_WARN_ABOUT_RETURN_TYPE = YES_ERROR;
				GCC_WARN_UNDECLARED_SELECTOR = YES;
				GCC_WARN_UNINITIALIZED_AUTOS = YES_AGGRESSIVE;
				GCC_WARN_UNUSED_FUNCTION = YES;
				GCC_WARN_UNUSED_VARIABLE = YES;
				IPHONEOS_DEPLOYMENT_TARGET = 15.2;
				MTL_ENABLE_DEBUG_INFO = INCLUDE_SOURCE;
				MTL_FAST_MATH = YES;
				ONLY_ACTIVE_ARCH = YES;
				SDKROOT = iphoneos;
				SWIFT_ACTIVE_COMPILATION_CONDITIONS = DEBUG;
				SWIFT_OPTIMIZATION_LEVEL = "-Onone";
			};
			name = Debug;
		};
		05B4F7C527E62A390098B16F /* Release */ = {
			isa = XCBuildConfiguration;
			buildSettings = {
				ALWAYS_SEARCH_USER_PATHS = NO;
				CLANG_ANALYZER_NONNULL = YES;
				CLANG_ANALYZER_NUMBER_OBJECT_CONVERSION = YES_AGGRESSIVE;
				CLANG_CXX_LANGUAGE_STANDARD = "gnu++17";
				CLANG_CXX_LIBRARY = "libc++";
				CLANG_ENABLE_MODULES = YES;
				CLANG_ENABLE_OBJC_ARC = YES;
				CLANG_ENABLE_OBJC_WEAK = YES;
				CLANG_WARN_BLOCK_CAPTURE_AUTORELEASING = YES;
				CLANG_WARN_BOOL_CONVERSION = YES;
				CLANG_WARN_COMMA = YES;
				CLANG_WARN_CONSTANT_CONVERSION = YES;
				CLANG_WARN_DEPRECATED_OBJC_IMPLEMENTATIONS = YES;
				CLANG_WARN_DIRECT_OBJC_ISA_USAGE = YES_ERROR;
				CLANG_WARN_DOCUMENTATION_COMMENTS = YES;
				CLANG_WARN_EMPTY_BODY = YES;
				CLANG_WARN_ENUM_CONVERSION = YES;
				CLANG_WARN_INFINITE_RECURSION = YES;
				CLANG_WARN_INT_CONVERSION = YES;
				CLANG_WARN_NON_LITERAL_NULL_CONVERSION = YES;
				CLANG_WARN_OBJC_IMPLICIT_RETAIN_SELF = YES;
				CLANG_WARN_OBJC_LITERAL_CONVERSION = YES;
				CLANG_WARN_OBJC_ROOT_CLASS = YES_ERROR;
				CLANG_WARN_QUOTED_INCLUDE_IN_FRAMEWORK_HEADER = YES;
				CLANG_WARN_RANGE_LOOP_ANALYSIS = YES;
				CLANG_WARN_STRICT_PROTOTYPES = YES;
				CLANG_WARN_SUSPICIOUS_MOVE = YES;
				CLANG_WARN_UNGUARDED_AVAILABILITY = YES_AGGRESSIVE;
				CLANG_WARN_UNREACHABLE_CODE = YES;
				CLANG_WARN__DUPLICATE_METHOD_MATCH = YES;
				COPY_PHASE_STRIP = NO;
				DEBUG_INFORMATION_FORMAT = "dwarf-with-dsym";
				ENABLE_NS_ASSERTIONS = NO;
				ENABLE_STRICT_OBJC_MSGSEND = YES;
				GCC_C_LANGUAGE_STANDARD = gnu11;
				GCC_NO_COMMON_BLOCKS = YES;
				GCC_WARN_64_TO_32_BIT_CONVERSION = YES;
				GCC_WARN_ABOUT_RETURN_TYPE = YES_ERROR;
				GCC_WARN_UNDECLARED_SELECTOR = YES;
				GCC_WARN_UNINITIALIZED_AUTOS = YES_AGGRESSIVE;
				GCC_WARN_UNUSED_FUNCTION = YES;
				GCC_WARN_UNUSED_VARIABLE = YES;
				IPHONEOS_DEPLOYMENT_TARGET = 15.2;
				MTL_ENABLE_DEBUG_INFO = NO;
				MTL_FAST_MATH = YES;
				SDKROOT = iphoneos;
				SWIFT_COMPILATION_MODE = wholemodule;
				SWIFT_OPTIMIZATION_LEVEL = "-O";
				VALIDATE_PRODUCT = YES;
			};
			name = Release;
		};
		05B4F7C727E62A390098B16F /* Debug */ = {
			isa = XCBuildConfiguration;
			buildSettings = {
				ASSETCATALOG_COMPILER_APPICON_NAME = AppIcon;
				ASSETCATALOG_COMPILER_GLOBAL_ACCENT_COLOR_NAME = AccentColor;
				CODE_SIGN_STYLE = Automatic;
				CURRENT_PROJECT_VERSION = 1;
				DEVELOPMENT_TEAM = V7G26TW77W;
				GENERATE_INFOPLIST_FILE = YES;
				INFOPLIST_FILE = lab4/Info.plist;
				INFOPLIST_KEY_UIApplicationSupportsIndirectInputEvents = YES;
				INFOPLIST_KEY_UILaunchStoryboardName = LaunchScreen;
				INFOPLIST_KEY_UISupportedInterfaceOrientations_iPad = "UIInterfaceOrientationPortrait UIInterfaceOrientationPortraitUpsideDown UIInterfaceOrientationLandscapeLeft UIInterfaceOrientationLandscapeRight";
				INFOPLIST_KEY_UISupportedInterfaceOrientations_iPhone = "UIInterfaceOrientationPortrait UIInterfaceOrientationLandscapeLeft UIInterfaceOrientationLandscapeRight";
				LD_RUNPATH_SEARCH_PATHS = (
					"$(inherited)",
					"@executable_path/Frameworks",
				);
				MARKETING_VERSION = 1.0;
				PRODUCT_BUNDLE_IDENTIFIER = v.lab4;
				PRODUCT_NAME = "$(TARGET_NAME)";
				SWIFT_EMIT_LOC_STRINGS = YES;
				SWIFT_VERSION = 5.0;
				TARGETED_DEVICE_FAMILY = "1,2";
			};
			name = Debug;
		};
		05B4F7C827E62A390098B16F /* Release */ = {
			isa = XCBuildConfiguration;
			buildSettings = {
				ASSETCATALOG_COMPILER_APPICON_NAME = AppIcon;
				ASSETCATALOG_COMPILER_GLOBAL_ACCENT_COLOR_NAME = AccentColor;
				CODE_SIGN_STYLE = Automatic;
				CURRENT_PROJECT_VERSION = 1;
				DEVELOPMENT_TEAM = V7G26TW77W;
				GENERATE_INFOPLIST_FILE = YES;
				INFOPLIST_FILE = lab4/Info.plist;
				INFOPLIST_KEY_UIApplicationSupportsIndirectInputEvents = YES;
				INFOPLIST_KEY_UILaunchStoryboardName = LaunchScreen;
				INFOPLIST_KEY_UISupportedInterfaceOrientations_iPad = "UIInterfaceOrientationPortrait UIInterfaceOrientationPortraitUpsideDown UIInterfaceOrientationLandscapeLeft UIInterfaceOrientationLandscapeRight";
				INFOPLIST_KEY_UISupportedInterfaceOrientations_iPhone = "UIInterfaceOrientationPortrait UIInterfaceOrientationLandscapeLeft UIInterfaceOrientationLandscapeRight";
				LD_RUNPATH_SEARCH_PATHS = (
					"$(inherited)",
					"@executable_path/Frameworks",
				);
				MARKETING_VERSION = 1.0;
				PRODUCT_BUNDLE_IDENTIFIER = v.lab4;
				PRODUCT_NAME = "$(TARGET_NAME)";
				SWIFT_EMIT_LOC_STRINGS = YES;
				SWIFT_VERSION = 5.0;
				TARGETED_DEVICE_FAMILY = "1,2";
			};
			name = Release;
		};
/* End XCBuildConfiguration section */

/* Begin XCConfigurationList section */
		05B4F7AD27E62A390098B16F /* Build configuration list for PBXProject "lab4" */ = {
			isa = XCConfigurationList;
			buildConfigurations = (
				05B4F7C427E62A390098B16F /* Debug */,
				05B4F7C527E62A390098B16F /* Release */,
			);
			defaultConfigurationIsVisible = 0;
			defaultConfigurationName = Release;
		};
		05B4F7C627E62A390098B16F /* Build configuration list for PBXNativeTarget "lab4" */ = {
			isa = XCConfigurationList;
			buildConfigurations = (
				05B4F7C727E62A390098B16F /* Debug */,
				05B4F7C827E62A390098B16F /* Release */,
			);
			defaultConfigurationIsVisible = 0;
			defaultConfigurationName = Release;
		};
/* End XCConfigurationList section */
	};
	rootObject = 05B4F7AA27E62A390098B16F /* Project object */;
}
